<?xml version="1.0" encoding="utf-8"?>
<Project ToolsVersion="4.0" xmlns="http://schemas.microsoft.com/developer/msbuild/2003">
  <ItemGroup>
    <ClCompile Include="src\main.cpp">
      <Filter>src</Filter>
    </ClCompile>
    <ClCompile Include="src\Coordinator.cpp">
      <Filter>src</Filter>
    </ClCompile>
    <ClCompile Include="src\Player.cpp">
      <Filter>src</Filter>
    </ClCompile>
    <ClCompile Include="..\..\..\..\of_v0.9.8_vs_release\of_v0.9.8_vs_release\addons\ofx2DFigures\src\BoundingBox.cpp">
      <Filter>addons\ofx2DFigures\src</Filter>
    </ClCompile>
    <ClCompile Include="..\..\..\..\of_v0.9.8_vs_release\of_v0.9.8_vs_release\addons\ofx2DFigures\src\CollisionHelper.cpp">
      <Filter>addons\ofx2DFigures\src</Filter>
    </ClCompile>
    <ClCompile Include="..\..\..\..\of_v0.9.8_vs_release\of_v0.9.8_vs_release\addons\ofx2DFigures\src\Figure.cpp">
      <Filter>addons\ofx2DFigures\src</Filter>
    </ClCompile>
    <ClCompile Include="..\..\..\..\of_v0.9.8_vs_release\of_v0.9.8_vs_release\addons\ofx2DFigures\src\Polygon.cpp">
      <Filter>addons\ofx2DFigures\src</Filter>
    </ClCompile>
    <ClCompile Include="..\..\..\..\of_v0.9.8_vs_release\of_v0.9.8_vs_release\addons\ofx2DFigures\src\Triangulate.cpp">
      <Filter>addons\ofx2DFigures\src</Filter>
    </ClCompile>
    <ClCompile Include="..\..\..\..\of_v0.9.8_vs_release\of_v0.9.8_vs_release\addons\ofxGui\src\ofxBaseGui.cpp">
      <Filter>addons\ofxGui\src</Filter>
    </ClCompile>
    <ClCompile Include="..\..\..\..\of_v0.9.8_vs_release\of_v0.9.8_vs_release\addons\ofxGui\src\ofxButton.cpp">
      <Filter>addons\ofxGui\src</Filter>
    </ClCompile>
    <ClCompile Include="..\..\..\..\of_v0.9.8_vs_release\of_v0.9.8_vs_release\addons\ofxGui\src\ofxGuiGroup.cpp">
      <Filter>addons\ofxGui\src</Filter>
    </ClCompile>
    <ClCompile Include="..\..\..\..\of_v0.9.8_vs_release\of_v0.9.8_vs_release\addons\ofxGui\src\ofxLabel.cpp">
      <Filter>addons\ofxGui\src</Filter>
    </ClCompile>
    <ClCompile Include="..\..\..\..\of_v0.9.8_vs_release\of_v0.9.8_vs_release\addons\ofxGui\src\ofxPanel.cpp">
      <Filter>addons\ofxGui\src</Filter>
    </ClCompile>
    <ClCompile Include="..\..\..\..\of_v0.9.8_vs_release\of_v0.9.8_vs_release\addons\ofxGui\src\ofxSlider.cpp">
      <Filter>addons\ofxGui\src</Filter>
    </ClCompile>
    <ClCompile Include="..\..\..\..\of_v0.9.8_vs_release\of_v0.9.8_vs_release\addons\ofxGui\src\ofxSliderGroup.cpp">
      <Filter>addons\ofxGui\src</Filter>
    </ClCompile>
    <ClCompile Include="..\..\..\..\of_v0.9.8_vs_release\of_v0.9.8_vs_release\addons\ofxGui\src\ofxToggle.cpp">
      <Filter>addons\ofxGui\src</Filter>
    </ClCompile>
    <ClCompile Include="..\..\..\..\of_v0.9.8_vs_release\of_v0.9.8_vs_release\addons\ofxVectorGraphics\src\ofxVectorGraphics.cpp">
      <Filter>addons\ofxVectorGraphics\src</Filter>
    </ClCompile>
    <ClCompile Include="..\..\..\..\of_v0.9.8_vs_release\of_v0.9.8_vs_release\addons\ofxVectorGraphics\libs\CreEPS.cpp">
      <Filter>addons\ofxVectorGraphics\libs</Filter>
    </ClCompile>
    <ClCompile Include="src\Enemy.cpp">
      <Filter>src</Filter>
    </ClCompile>
    <ClCompile Include="src\EnemyManager.cpp">
      <Filter>src</Filter>
    </ClCompile>
  </ItemGroup>
  <ItemGroup>
    <Filter Include="src">
      <UniqueIdentifier>{d8376475-7454-4a24-b08a-aac121d3ad6f}</UniqueIdentifier>
    </Filter>
    <Filter Include="addons">
      <UniqueIdentifier>{71834F65-F3A9-211E-73B8-DC85}</UniqueIdentifier>
    </Filter>
    <Filter Include="addons\ofx2DFigures">
      <UniqueIdentifier>{3B0DA344-548D-1815-031B-7BE6}</UniqueIdentifier>
    </Filter>
    <Filter Include="addons\ofx2DFigures\src">
      <UniqueIdentifier>{D54DB575-27BF-BB59-A3BA-E1D0}</UniqueIdentifier>
    </Filter>
    <Filter Include="addons\ofxGui">
      <UniqueIdentifier>{4F2A59AF-5F4E-704B-D067-EC13}</UniqueIdentifier>
    </Filter>
    <Filter Include="addons\ofxGui\src">
      <UniqueIdentifier>{645E9533-4DCD-6179-1CDF-CB65}</UniqueIdentifier>
    </Filter>
    <Filter Include="addons\ofxVectorGraphics">
      <UniqueIdentifier>{5A7F3658-B06B-DB97-F4E1-DD19}</UniqueIdentifier>
    </Filter>
    <Filter Include="addons\ofxVectorGraphics\src">
      <UniqueIdentifier>{F615F000-D48C-B1D6-F1C2-6EDD}</UniqueIdentifier>
    </Filter>
    <Filter Include="addons\ofxVectorGraphics\libs">
      <UniqueIdentifier>{B341F552-35C4-7EB6-B3C9-9D96}</UniqueIdentifier>
    </Filter>
  </ItemGroup>
  <ItemGroup>
    <ClInclude Include="src\Coordinator.h">
      <Filter>src</Filter>
    </ClInclude>
    <ClInclude Include="src\Player.h">
      <Filter>src</Filter>
    </ClInclude>
    <ClInclude Include="..\..\..\..\of_v0.9.8_vs_release\of_v0.9.8_vs_release\addons\ofx2DFigures\src\BoundingBox.h">
      <Filter>addons\ofx2DFigures\src</Filter>
    </ClInclude>
    <ClInclude Include="..\..\..\..\of_v0.9.8_vs_release\of_v0.9.8_vs_release\addons\ofx2DFigures\src\CollisionHelper.h">
      <Filter>addons\ofx2DFigures\src</Filter>
    </ClInclude>
    <ClInclude Include="..\..\..\..\of_v0.9.8_vs_release\of_v0.9.8_vs_release\addons\ofx2DFigures\src\Figure.h">
      <Filter>addons\ofx2DFigures\src</Filter>
    </ClInclude>
    <ClInclude Include="..\..\..\..\of_v0.9.8_vs_release\of_v0.9.8_vs_release\addons\ofx2DFigures\src\Matrix.h">
      <Filter>addons\ofx2DFigures\src</Filter>
    </ClInclude>
    <ClInclude Include="..\..\..\..\of_v0.9.8_vs_release\of_v0.9.8_vs_release\addons\ofx2DFigures\src\Polygon.h">
      <Filter>addons\ofx2DFigures\src</Filter>
    </ClInclude>
    <ClInclude Include="..\..\..\..\of_v0.9.8_vs_release\of_v0.9.8_vs_release\addons\ofx2DFigures\src\TestTriangulation.h">
      <Filter>addons\ofx2DFigures\src</Filter>
    </ClInclude>
    <ClInclude Include="..\..\..\..\of_v0.9.8_vs_release\of_v0.9.8_vs_release\addons\ofx2DFigures\src\Triangulate.h">
      <Filter>addons\ofx2DFigures\src</Filter>
    </ClInclude>
    <ClInclude Include="..\..\..\..\of_v0.9.8_vs_release\of_v0.9.8_vs_release\addons\ofxGui\src\ofxBaseGui.h">
      <Filter>addons\ofxGui\src</Filter>
    </ClInclude>
    <ClInclude Include="..\..\..\..\of_v0.9.8_vs_release\of_v0.9.8_vs_release\addons\ofxGui\src\ofxButton.h">
      <Filter>addons\ofxGui\src</Filter>
    </ClInclude>
    <ClInclude Include="..\..\..\..\of_v0.9.8_vs_release\of_v0.9.8_vs_release\addons\ofxGui\src\ofxGui.h">
      <Filter>addons\ofxGui\src</Filter>
    </ClInclude>
    <ClInclude Include="..\..\..\..\of_v0.9.8_vs_release\of_v0.9.8_vs_release\addons\ofxGui\src\ofxGuiGroup.h">
      <Filter>addons\ofxGui\src</Filter>
    </ClInclude>
    <ClInclude Include="..\..\..\..\of_v0.9.8_vs_release\of_v0.9.8_vs_release\addons\ofxGui\src\ofxLabel.h">
      <Filter>addons\ofxGui\src</Filter>
    </ClInclude>
    <ClInclude Include="..\..\..\..\of_v0.9.8_vs_release\of_v0.9.8_vs_release\addons\ofxGui\src\ofxPanel.h">
      <Filter>addons\ofxGui\src</Filter>
    </ClInclude>
    <ClInclude Include="..\..\..\..\of_v0.9.8_vs_release\of_v0.9.8_vs_release\addons\ofxGui\src\ofxSlider.h">
      <Filter>addons\ofxGui\src</Filter>
    </ClInclude>
    <ClInclude Include="..\..\..\..\of_v0.9.8_vs_release\of_v0.9.8_vs_release\addons\ofxGui\src\ofxSliderGroup.h">
      <Filter>addons\ofxGui\src</Filter>
    </ClInclude>
    <ClInclude Include="..\..\..\..\of_v0.9.8_vs_release\of_v0.9.8_vs_release\addons\ofxGui\src\ofxToggle.h">
      <Filter>addons\ofxGui\src</Filter>
    </ClInclude>
    <ClInclude Include="..\..\..\..\of_v0.9.8_vs_release\of_v0.9.8_vs_release\addons\ofxVectorGraphics\src\ofxVectorGraphics.h">
      <Filter>addons\ofxVectorGraphics\src</Filter>
    </ClInclude>
    <ClInclude Include="..\..\..\..\of_v0.9.8_vs_release\of_v0.9.8_vs_release\addons\ofxVectorGraphics\libs\CreEPS.hpp">
      <Filter>addons\ofxVectorGraphics\libs</Filter>
    </ClInclude>
    <ClInclude Include="..\..\..\..\of_v0.9.8_vs_release\of_v0.9.8_vs_release\addons\ofxVectorGraphics\libs\CreEPS_Types.hpp">
      <Filter>addons\ofxVectorGraphics\libs</Filter>
    </ClInclude>
    <ClInclude Include="src\Enemy.h">
      <Filter>src</Filter>
    </ClInclude>
    <ClInclude Include="src\EnemyManager.h">
      <Filter>src</Filter>
    </ClInclude>
  </ItemGroup>
  <ItemGroup>
    <ResourceCompile Include="icon.rc" />
  </ItemGroup>
</Project>