<?xml version="1.0" encoding="utf-8"?>
<Project ToolsVersion="4.0" xmlns="http://schemas.microsoft.com/developer/msbuild/2003">
  <ItemGroup>
    <ClCompile Include="src\main.cpp">
      <Filter>src</Filter>
    </ClCompile>
    <ClCompile Include="src\Coordinator.cpp">
      <Filter>src</Filter>
    </ClCompile>
    <ClCompile Include="src\Enemy.cpp">
      <Filter>src</Filter>
    </ClCompile>
    <ClCompile Include="src\EnemyManager.cpp">
      <Filter>src</Filter>
    </ClCompile>
    <ClCompile Include="src\main.cpp">
      <Filter>src</Filter>
    </ClCompile>
    <ClCompile Include="src\Pickup.cpp">
      <Filter>src</Filter>
    </ClCompile>
    <ClCompile Include="src\PickupManager.cpp">
      <Filter>src</Filter>
    </ClCompile>
    <ClCompile Include="src\Player.cpp">
      <Filter>src</Filter>
    </ClCompile>
    <ClCompile Include="..\..\..\..\..\of_v0.9.8_vs_release\of_v0.9.8_vs_release\addons\ofxGui\src\ofxBaseGui.cpp">
      <Filter>addons\ofxGui\src</Filter>
    </ClCompile>
    <ClCompile Include="..\..\..\..\..\of_v0.9.8_vs_release\of_v0.9.8_vs_release\addons\ofxGui\src\ofxButton.cpp">
      <Filter>addons\ofxGui\src</Filter>
    </ClCompile>
    <ClCompile Include="..\..\..\..\..\of_v0.9.8_vs_release\of_v0.9.8_vs_release\addons\ofxGui\src\ofxGuiGroup.cpp">
      <Filter>addons\ofxGui\src</Filter>
    </ClCompile>
    <ClCompile Include="..\..\..\..\..\of_v0.9.8_vs_release\of_v0.9.8_vs_release\addons\ofxGui\src\ofxLabel.cpp">
      <Filter>addons\ofxGui\src</Filter>
    </ClCompile>
    <ClCompile Include="..\..\..\..\..\of_v0.9.8_vs_release\of_v0.9.8_vs_release\addons\ofxGui\src\ofxPanel.cpp">
      <Filter>addons\ofxGui\src</Filter>
    </ClCompile>
    <ClCompile Include="..\..\..\..\..\of_v0.9.8_vs_release\of_v0.9.8_vs_release\addons\ofxGui\src\ofxSlider.cpp">
      <Filter>addons\ofxGui\src</Filter>
    </ClCompile>
    <ClCompile Include="..\..\..\..\..\of_v0.9.8_vs_release\of_v0.9.8_vs_release\addons\ofxGui\src\ofxSliderGroup.cpp">
      <Filter>addons\ofxGui\src</Filter>
    </ClCompile>
    <ClCompile Include="..\..\..\..\..\of_v0.9.8_vs_release\of_v0.9.8_vs_release\addons\ofxGui\src\ofxToggle.cpp">
      <Filter>addons\ofxGui\src</Filter>
    </ClCompile>
    <ClCompile Include="src\tests\TestCases.cpp" />
  </ItemGroup>
  <ItemGroup>
    <Filter Include="src">
      <UniqueIdentifier>{d8376475-7454-4a24-b08a-aac121d3ad6f}</UniqueIdentifier>
    </Filter>
    <Filter Include="addons">
      <UniqueIdentifier>{71834F65-F3A9-211E-73B8-DC85}</UniqueIdentifier>
    </Filter>
    <Filter Include="addons\ofxCenteredTrueTypeFont">
      <UniqueIdentifier>{C1235337-CB59-2292-BF33-E6CE}</UniqueIdentifier>
    </Filter>
    <Filter Include="addons\ofxCenteredTrueTypeFont\src">
      <UniqueIdentifier>{12301313-AF64-B7C9-8A5E-0071}</UniqueIdentifier>
    </Filter>
    <Filter Include="addons\ofxGui">
      <UniqueIdentifier>{4F2A59AF-5F4E-704B-D067-EC13}</UniqueIdentifier>
    </Filter>
    <Filter Include="addons\ofxGui\src">
      <UniqueIdentifier>{645E9533-4DCD-6179-1CDF-CB65}</UniqueIdentifier>
    </Filter>
  </ItemGroup>
  <ItemGroup>
    <ClInclude Include="src\Coordinator.h">
      <Filter>src</Filter>
    </ClInclude>
    <ClInclude Include="src\Enemy.h">
      <Filter>src</Filter>
    </ClInclude>
    <ClInclude Include="src\EnemyManager.h">
      <Filter>src</Filter>
    </ClInclude>
    <ClInclude Include="src\Pickup.h">
      <Filter>src</Filter>
    </ClInclude>
    <ClInclude Include="src\PickupManager.h">
      <Filter>src</Filter>
    </ClInclude>
    <ClInclude Include="src\Player.h">
      <Filter>src</Filter>
    </ClInclude>
    <ClInclude Include="..\..\..\..\..\of_v0.9.8_vs_release\of_v0.9.8_vs_release\addons\ofxCenteredTrueTypeFont\src\ofxCenteredTrueTypeFont.h">
      <Filter>addons\ofxCenteredTrueTypeFont\src</Filter>
    </ClInclude>
    <ClInclude Include="..\..\..\..\..\of_v0.9.8_vs_release\of_v0.9.8_vs_release\addons\ofxGui\src\ofxBaseGui.h">
      <Filter>addons\ofxGui\src</Filter>
    </ClInclude>
    <ClInclude Include="..\..\..\..\..\of_v0.9.8_vs_release\of_v0.9.8_vs_release\addons\ofxGui\src\ofxButton.h">
      <Filter>addons\ofxGui\src</Filter>
    </ClInclude>
    <ClInclude Include="..\..\..\..\..\of_v0.9.8_vs_release\of_v0.9.8_vs_release\addons\ofxGui\src\ofxGui.h">
      <Filter>addons\ofxGui\src</Filter>
    </ClInclude>
    <ClInclude Include="..\..\..\..\..\of_v0.9.8_vs_release\of_v0.9.8_vs_release\addons\ofxGui\src\ofxGuiGroup.h">
      <Filter>addons\ofxGui\src</Filter>
    </ClInclude>
    <ClInclude Include="..\..\..\..\..\of_v0.9.8_vs_release\of_v0.9.8_vs_release\addons\ofxGui\src\ofxLabel.h">
      <Filter>addons\ofxGui\src</Filter>
    </ClInclude>
    <ClInclude Include="..\..\..\..\..\of_v0.9.8_vs_release\of_v0.9.8_vs_release\addons\ofxGui\src\ofxPanel.h">
      <Filter>addons\ofxGui\src</Filter>
    </ClInclude>
    <ClInclude Include="..\..\..\..\..\of_v0.9.8_vs_release\of_v0.9.8_vs_release\addons\ofxGui\src\ofxSlider.h">
      <Filter>addons\ofxGui\src</Filter>
    </ClInclude>
    <ClInclude Include="..\..\..\..\..\of_v0.9.8_vs_release\of_v0.9.8_vs_release\addons\ofxGui\src\ofxSliderGroup.h">
      <Filter>addons\ofxGui\src</Filter>
    </ClInclude>
    <ClInclude Include="..\..\..\..\..\of_v0.9.8_vs_release\of_v0.9.8_vs_release\addons\ofxGui\src\ofxToggle.h">
      <Filter>addons\ofxGui\src</Filter>
    </ClInclude>
    <ClInclude Include="catch.hpp" />
    <ClInclude Include="src\tests\catch.hpp" />
  </ItemGroup>
  <ItemGroup>
    <ResourceCompile Include="icon.rc" />
  </ItemGroup>
  <ItemGroup>
    <None Include="README.md" />
    <None Include="PROPOSAL.md" />
    <None Include="DEVELOPMENT.md" />
    <None Include="addons.make" />
  </ItemGroup>
</Project>